<?xml version="1.0" encoding="utf-8"?>
<Project ToolsVersion="4.0" xmlns="http://schemas.microsoft.com/developer/msbuild/2003">
  <ItemGroup>
    <Filter Include="Library">
      <UniqueIdentifier>{d5173dcf-2786-4f98-bd55-d03549637dfe}</UniqueIdentifier>
    </Filter>
    <Filter Include="Src">
      <UniqueIdentifier>{80d0a5a9-6779-4863-bede-cc22a4986dc5}</UniqueIdentifier>
    </Filter>
    <Filter Include="Src\Framework">
      <UniqueIdentifier>{f5928314-3ee2-4e39-abfa-d93aa9ee5891}</UniqueIdentifier>
    </Filter>
    <Filter Include="Src\Framework\Direct3D">
      <UniqueIdentifier>{f193abd5-e51c-466e-a937-722bc9175e9a}</UniqueIdentifier>
    </Filter>
    <Filter Include="Src\Framework\Utility">
      <UniqueIdentifier>{f5d733b1-5031-4659-a9d4-0dd3add1e5fb}</UniqueIdentifier>
    </Filter>
    <Filter Include="Src\Framework\Window">
      <UniqueIdentifier>{cb022f2a-c5a2-449b-9b70-5110aff8550f}</UniqueIdentifier>
    </Filter>
    <Filter Include="Library\tinygltf">
      <UniqueIdentifier>{307bfbcd-124f-4ad7-85f5-3fd94f814b1f}</UniqueIdentifier>
    </Filter>
    <Filter Include="Src\Framework\Shader">
      <UniqueIdentifier>{93543c0c-58fe-4a94-8279-7be3021b65b1}</UniqueIdentifier>
    </Filter>
    <Filter Include="Src\Framework\Shader\SpriteShader">
      <UniqueIdentifier>{2da4d471-f4e8-4b2d-bdef-b93f91523b8b}</UniqueIdentifier>
    </Filter>
    <Filter Include="Src\Application">
      <UniqueIdentifier>{d0d0f9cf-dabd-4346-bc9a-d9c04cf42372}</UniqueIdentifier>
    </Filter>
    <Filter Include="Src\Framework\Math">
      <UniqueIdentifier>{04f33e76-24f0-4a58-9355-5770b3f6f9c6}</UniqueIdentifier>
    </Filter>
    <Filter Include="Src\Framework\Audio">
      <UniqueIdentifier>{2a0de30f-d7e8-4517-a9a1-20de6e434592}</UniqueIdentifier>
    </Filter>
    <Filter Include="Src\Framework\Shader\HD2DShader">
      <UniqueIdentifier>{857913be-4481-4606-9719-87518d4a6aeb}</UniqueIdentifier>
    </Filter>
    <Filter Include="Src\System">
      <UniqueIdentifier>{256347e2-b865-40db-a803-ea2406075a10}</UniqueIdentifier>
    </Filter>
    <Filter Include="Src\Framework\Shader\PostProcessShader">
      <UniqueIdentifier>{bfef98c3-f0b2-41b1-b813-6f298072287b}</UniqueIdentifier>
    </Filter>
    <Filter Include="Src\System">
      <UniqueIdentifier>{4bdc25a2-3137-4213-a263-36b8d2ec5162}</UniqueIdentifier>
    </Filter>
    <Filter Include="Src\Framework\GameObject">
      <UniqueIdentifier>{d45ba257-913b-44e3-a012-888d7b6f2b68}</UniqueIdentifier>
    </Filter>
    <Filter Include="Src\Framework\Input">
      <UniqueIdentifier>{9bd33b87-53db-4bc0-b98d-80db98f4ba9b}</UniqueIdentifier>
    </Filter>
    <Filter Include="Src\Framework\Direct3D\Polygon">
      <UniqueIdentifier>{b91bce2d-4487-485a-a855-b2bb6ce0d30b}</UniqueIdentifier>
    </Filter>
    <Filter Include="Src\Application\Object">
      <UniqueIdentifier>{0b382f11-8ffb-421d-a4ae-b886d67bb5e2}</UniqueIdentifier>
    </Filter>
    <Filter Include="Src\Application\Object\Player">
      <UniqueIdentifier>{05ddd2e4-1bb6-4a34-a658-4376f5f9ab25}</UniqueIdentifier>
    </Filter>
    <Filter Include="Src\Application\Object\Tea">
      <UniqueIdentifier>{49900ba2-4bec-4c2a-ba8a-f837faedc957}</UniqueIdentifier>
    </Filter>
    <Filter Include="Src\Application\Object\MilkTea">
      <UniqueIdentifier>{79ae4c74-7edd-4039-8ea9-14346cf52623}</UniqueIdentifier>
    </Filter>
    <Filter Include="Src\Application\Object\Beer">
      <UniqueIdentifier>{62b41318-e280-4ece-a3b7-c469af298a1f}</UniqueIdentifier>
    </Filter>
    <Filter Include="Src\Application\Scene">
      <UniqueIdentifier>{23b5b1ab-2200-422c-9bad-f96e9237fc2b}</UniqueIdentifier>
    </Filter>
    <Filter Include="Src\Application\Bullet">
      <UniqueIdentifier>{2d142820-69a2-49a4-b80b-9fa05257c2bf}</UniqueIdentifier>
    </Filter>
    <Filter Include="Src\Application\Bullet\Player">
      <UniqueIdentifier>{1db7a5a6-78d7-4104-99cb-d7757b8bd98c}</UniqueIdentifier>
    </Filter>
    <Filter Include="Src\Application\Bullet\Tea">
      <UniqueIdentifier>{35f62ff2-c533-4f57-bd0b-21c3dcffae23}</UniqueIdentifier>
    </Filter>
    <Filter Include="Src\Application\Bullet\Beer">
      <UniqueIdentifier>{945738e0-78e6-41ec-b957-8c1d4e9f8b0a}</UniqueIdentifier>
    </Filter>
    <Filter Include="Src\Application\Bullet\MilkTea">
      <UniqueIdentifier>{dba66512-be0a-4d8b-a865-02b1ac49a8af}</UniqueIdentifier>
    </Filter>
    <Filter Include="Src\Application\Object\Player\Cola">
      <UniqueIdentifier>{f2678148-d035-48f2-93d4-3319104bdb91}</UniqueIdentifier>
    </Filter>
    <Filter Include="Src\Application\Object\Player\Sport">
      <UniqueIdentifier>{1fbb3849-b4bd-4ca0-8871-7fc0769ca75d}</UniqueIdentifier>
    </Filter>
    <Filter Include="Src\Application\Object\Player\Water">
      <UniqueIdentifier>{a60a7b20-9e33-4c97-96cb-a4cd39e006f8}</UniqueIdentifier>
    </Filter>
    <Filter Include="Src\Application\Bullet\Player\Water">
      <UniqueIdentifier>{e62227f5-4e07-49f6-ae2e-804ef08d6cda}</UniqueIdentifier>
    </Filter>
    <Filter Include="Src\Application\Bullet\Player\Cola">
      <UniqueIdentifier>{51966e43-83d6-48d8-8e46-0bab74a59f97}</UniqueIdentifier>
    </Filter>
    <Filter Include="Src\Application\Bullet\Player\Sport">
      <UniqueIdentifier>{4e96af96-cd86-46fb-a973-a695eeda13c0}</UniqueIdentifier>
    </Filter>
    <Filter Include="Src\Application\Scene\GameScene">
      <UniqueIdentifier>{3b9c8101-e1ad-476a-856e-4c4356be5363}</UniqueIdentifier>
    </Filter>
    <Filter Include="Src\Application\Scene\TitleScene">
      <UniqueIdentifier>{6b101349-ef41-4e7f-848c-c9a9a435c81c}</UniqueIdentifier>
    </Filter>
    <Filter Include="Src\Application\Object\Back">
      <UniqueIdentifier>{4be76557-ffd2-4626-ae12-b63aaf9d1cf7}</UniqueIdentifier>
    </Filter>
  </ItemGroup>
  <ItemGroup>
    <ClInclude Include="src\Pch.h">
      <Filter>Src</Filter>
    </ClInclude>
    <ClInclude Include="..\Library\tinygltf\json.hpp">
      <Filter>Library\tinygltf</Filter>
    </ClInclude>
    <ClInclude Include="..\Library\tinygltf\stb_image.h">
      <Filter>Library\tinygltf</Filter>
    </ClInclude>
    <ClInclude Include="..\Library\tinygltf\stb_image_write.h">
      <Filter>Library\tinygltf</Filter>
    </ClInclude>
    <ClInclude Include="..\Library\tinygltf\tiny_gltf.h">
      <Filter>Library\tinygltf</Filter>
    </ClInclude>
    <ClInclude Include="Src\Application\main.h">
      <Filter>Src\Application</Filter>
    </ClInclude>
    <ClInclude Include="src\Framework\Direct3D\KdDirect3D.h">
      <Filter>Src\Framework\Direct3D</Filter>
    </ClInclude>
    <ClInclude Include="src\Framework\Direct3D\KdTexture.h">
      <Filter>Src\Framework\Direct3D</Filter>
    </ClInclude>
    <ClInclude Include="src\Framework\Direct3D\KdBuffer.h">
      <Filter>Src\Framework\Direct3D</Filter>
    </ClInclude>
    <ClInclude Include="Src\Framework\Direct3D\KdGLTFLoader.h">
      <Filter>Src\Framework\Direct3D</Filter>
    </ClInclude>
    <ClInclude Include="Src\Framework\Shader\KdShaderManager.h">
      <Filter>Src\Framework\Shader</Filter>
    </ClInclude>
    <ClInclude Include="Src\Framework\Shader\SpriteShader\KdSpriteShader.h">
      <Filter>Src\Framework\Shader\SpriteShader</Filter>
    </ClInclude>
    <ClInclude Include="src\Framework\Utility\KdUtility.h">
      <Filter>Src\Framework\Utility</Filter>
    </ClInclude>
    <ClInclude Include="src\Framework\KdFramework.h">
      <Filter>Src\Framework</Filter>
    </ClInclude>
    <ClInclude Include="..\Library\strconv.h">
      <Filter>Library</Filter>
    </ClInclude>
    <ClInclude Include="src\Framework\Window\KdWindow.h">
      <Filter>Src\Framework\Window</Filter>
    </ClInclude>
    <ClInclude Include="src\Framework\Direct3D\KdMesh.h">
      <Filter>Src\Framework\Direct3D</Filter>
    </ClInclude>
    <ClInclude Include="Src\Framework\Direct3D\KdModel.h">
      <Filter>Src\Framework\Direct3D</Filter>
    </ClInclude>
    <ClInclude Include="Src\Framework\Math\KdCollision.h">
      <Filter>Src\Framework\Math</Filter>
    </ClInclude>
    <ClInclude Include="Src\Framework\Math\KdAnimation.h">
      <Filter>Src\Framework\Math</Filter>
    </ClInclude>
    <ClInclude Include="Src\Framework\Audio\KdAudio.h">
      <Filter>Src\Framework\Audio</Filter>
    </ClInclude>
    <ClInclude Include="Src\Framework\Direct3D\KdCamera.h">
      <Filter>Src\Framework\Direct3D</Filter>
    </ClInclude>
    <ClInclude Include="Src\Framework\Shader\HD2DShader\KdHD2DShader.h">
      <Filter>Src\Framework\Shader\HD2DShader</Filter>
    </ClInclude>
    <ClInclude Include="Src\Framework\Shader\PostProcessShader\KdPostProcessShader.h">
      <Filter>Src\Framework\Shader\PostProcessShader</Filter>
    </ClInclude>
    <ClInclude Include="Src\Framework\Math\KdCollider.h">
      <Filter>Src\Framework\Math</Filter>
    </ClInclude>
    <ClInclude Include="Src\Framework\Math\KdEasing.h">
      <Filter>Src\Framework\Math</Filter>
    </ClInclude>
    <ClInclude Include="Src\Framework\GameObject\KdGameObject.h">
      <Filter>Src\Framework\GameObject</Filter>
    </ClInclude>
    <ClInclude Include="Src\Framework\GameObject\KdGameObjectFactory.h">
      <Filter>Src\Framework\GameObject</Filter>
    </ClInclude>
    <ClInclude Include="Src\Framework\Input\KdInput.h">
      <Filter>Src\Framework\Input</Filter>
    </ClInclude>
    <ClInclude Include="Src\Framework\Utility\KdCSVData.h">
      <Filter>Src\Framework\Utility</Filter>
    </ClInclude>
    <ClInclude Include="Src\Framework\Direct3D\Polygon\KdPolygon.h">
      <Filter>Src\Framework\Direct3D\Polygon</Filter>
    </ClInclude>
    <ClInclude Include="Src\Framework\Direct3D\Polygon\KdSquarePolygon.h">
      <Filter>Src\Framework\Direct3D\Polygon</Filter>
    </ClInclude>
    <ClInclude Include="Src\Framework\Direct3D\Polygon\KdTrailPolygon.h">
      <Filter>Src\Framework\Direct3D\Polygon</Filter>
    </ClInclude>
    <ClInclude Include="Src\Framework\Direct3D\KdMaterial.h">
      <Filter>Src\Framework\Direct3D</Filter>
    </ClInclude>
    <ClInclude Include="Src\Framework\Utility\KdDataStorage.h">
      <Filter>Src\Framework\Utility</Filter>
    </ClInclude>
    <ClInclude Include="Src\Framework\Shader\KdAmbientController.h">
      <Filter>Src\Framework\Shader</Filter>
    </ClInclude>
    <ClInclude Include="Src\Framework\Math\KdUVAnimation.h">
      <Filter>Src\Framework\Math</Filter>
    </ClInclude>
    <ClInclude Include="Src\Framework\Shader\KdRenderTargetChange.h">
      <Filter>Src\Framework\Shader</Filter>
    </ClInclude>
    <ClInclude Include="Src\Framework\Utility\KdFPSController.h">
      <Filter>Src\Framework\Utility</Filter>
    </ClInclude>
    <ClInclude Include="Src\Framework\Utility\KdDebugWireFrame.h">
      <Filter>Src\Framework\Utility</Filter>
    </ClInclude>
    <ClInclude Include="Src\Application\Object\Player\Player.h">
      <Filter>Src\Application\Object\Player</Filter>
    </ClInclude>
    <ClInclude Include="Src\Application\Object\BaseObject.h">
      <Filter>Src\Application\Object</Filter>
    </ClInclude>
    <ClInclude Include="Src\Application\Object\Tea\Tea.h">
      <Filter>Src\Application\Object\Tea</Filter>
    </ClInclude>
    <ClInclude Include="Src\Application\Object\Beer\Beer.h">
      <Filter>Src\Application\Object\Beer</Filter>
    </ClInclude>
    <ClInclude Include="Src\Application\Object\MilkTea\MilkTea.h">
      <Filter>Src\Application\Object\MilkTea</Filter>
    </ClInclude>
    <ClInclude Include="Src\Application\Object\BaseBullet.h">
      <Filter>Src\Application\Bullet</Filter>
    </ClInclude>
    <ClInclude Include="Src\Application\Object\Beer\Bullet\Beer_Bullet.h">
      <Filter>Src\Application\Bullet\Beer</Filter>
    </ClInclude>
    <ClInclude Include="Src\Application\Object\Tea\Bullet\Tea_Bullet.h">
      <Filter>Src\Application\Bullet\Tea</Filter>
    </ClInclude>
    <ClInclude Include="Src\Application\Object\MilkTea\Bullet\Milk_Bullet.h">
      <Filter>Src\Application\Bullet\MilkTea</Filter>
    </ClInclude>
    <ClInclude Include="Src\Application\Object\Cola\Cola.h">
      <Filter>Src\Application\Object\Player\Cola</Filter>
    </ClInclude>
    <ClInclude Include="Src\Application\Object\Sport\Sport.h">
      <Filter>Src\Application\Object\Player\Sport</Filter>
    </ClInclude>
    <ClInclude Include="Src\Application\Object\Water\Water.h">
      <Filter>Src\Application\Object\Player\Water</Filter>
    </ClInclude>
    <ClInclude Include="Src\Application\Object\Water\Bullet\Water_Bullet.h">
      <Filter>Src\Application\Bullet\Player\Water</Filter>
    </ClInclude>
    <ClInclude Include="Src\Application\Object\Cola\Bullet\Cola_Bullet.h">
      <Filter>Src\Application\Bullet\Player\Cola</Filter>
    </ClInclude>
    <ClInclude Include="Src\Application\Object\Sport\Bullet\Sport_Bullet.h">
      <Filter>Src\Application\Bullet\Player\Sport</Filter>
    </ClInclude>
    <ClInclude Include="Src\Application\Scene\GameScene\GameScene.h">
      <Filter>Src\Application\Scene\GameScene</Filter>
    </ClInclude>
    <ClInclude Include="Src\Application\Object\BasePlayer.h">
      <Filter>Src\Application\Object\Player</Filter>
    </ClInclude>
    <ClInclude Include="Src\Application\Scene\TitleScene\TitleScene.h">
      <Filter>Src\Application\Scene\TitleScene</Filter>
    </ClInclude>
    <ClInclude Include="Src\Application\Scene\BaseScene.h">
      <Filter>Src\Application\Scene</Filter>
    </ClInclude>
    <ClInclude Include="Src\Application\Object\Back\Back.h">
      <Filter>Src\Application\Object\Back</Filter>
    </ClInclude>
  </ItemGroup>
  <ItemGroup>
    <ClCompile Include="src\Pch.cpp">
      <Filter>Src</Filter>
    </ClCompile>
    <ClCompile Include="Src\Application\main.cpp">
      <Filter>Src\Application</Filter>
    </ClCompile>
    <ClCompile Include="src\Framework\Direct3D\KdDirect3D.cpp">
      <Filter>Src\Framework\Direct3D</Filter>
    </ClCompile>
    <ClCompile Include="src\Framework\Direct3D\KdTexture.cpp">
      <Filter>Src\Framework\Direct3D</Filter>
    </ClCompile>
    <ClCompile Include="src\Framework\Direct3D\KdBuffer.cpp">
      <Filter>Src\Framework\Direct3D</Filter>
    </ClCompile>
    <ClCompile Include="Src\Framework\Direct3D\KdGLTFLoader.cpp">
      <Filter>Src\Framework\Direct3D</Filter>
    </ClCompile>
    <ClCompile Include="Src\Framework\Shader\KdShaderManager.cpp">
      <Filter>Src\Framework\Shader</Filter>
    </ClCompile>
    <ClCompile Include="Src\Framework\Shader\SpriteShader\KdSpriteShader.cpp">
      <Filter>Src\Framework\Shader\SpriteShader</Filter>
    </ClCompile>
    <ClCompile Include="src\Framework\Window\KdWindow.cpp">
      <Filter>Src\Framework\Window</Filter>
    </ClCompile>
    <ClCompile Include="Src\Framework\Utility\KdUtility.cpp">
      <Filter>Src\Framework\Utility</Filter>
    </ClCompile>
    <ClCompile Include="src\Framework\Direct3D\KdMesh.cpp">
      <Filter>Src\Framework\Direct3D</Filter>
    </ClCompile>
    <ClCompile Include="Src\Framework\Direct3D\KdModel.cpp">
      <Filter>Src\Framework\Direct3D</Filter>
    </ClCompile>
    <ClCompile Include="Src\Framework\Math\KdCollision.cpp">
      <Filter>Src\Framework\Math</Filter>
    </ClCompile>
    <ClCompile Include="Src\Framework\Math\KdAnimation.cpp">
      <Filter>Src\Framework\Math</Filter>
    </ClCompile>
    <ClCompile Include="Src\Framework\Audio\KdAudio.cpp">
      <Filter>Src\Framework\Audio</Filter>
    </ClCompile>
    <ClCompile Include="Src\Framework\Direct3D\KdCamera.cpp">
      <Filter>Src\Framework\Direct3D</Filter>
    </ClCompile>
    <ClCompile Include="Src\Framework\Shader\HD2DShader\KdHD2DShader.cpp">
      <Filter>Src\Framework\Shader\HD2DShader</Filter>
    </ClCompile>
    <ClCompile Include="Src\Framework\Shader\PostProcessShader\KdPostProcessShader.cpp">
      <Filter>Src\Framework\Shader\PostProcessShader</Filter>
    </ClCompile>
    <ClCompile Include="Src\Framework\Math\KdCollider.cpp">
      <Filter>Src\Framework\Math</Filter>
    </ClCompile>
    <ClCompile Include="Src\Framework\Math\KdEasing.cpp">
      <Filter>Src\Framework\Math</Filter>
    </ClCompile>
    <ClCompile Include="Src\Framework\GameObject\KdGameObject.cpp">
      <Filter>Src\Framework\GameObject</Filter>
    </ClCompile>
    <ClCompile Include="Src\Framework\GameObject\KdGameObjectFactory.cpp">
      <Filter>Src\Framework\GameObject</Filter>
    </ClCompile>
    <ClCompile Include="Src\Framework\Input\KdInput.cpp">
      <Filter>Src\Framework\Input</Filter>
    </ClCompile>
    <ClCompile Include="Src\Framework\Utility\KdCSVData.cpp">
      <Filter>Src\Framework\Utility</Filter>
    </ClCompile>
    <ClCompile Include="Src\Framework\Direct3D\Polygon\KdSquarePolygon.cpp">
      <Filter>Src\Framework\Direct3D\Polygon</Filter>
    </ClCompile>
    <ClCompile Include="Src\Framework\Direct3D\Polygon\KdTrailPolygon.cpp">
      <Filter>Src\Framework\Direct3D\Polygon</Filter>
    </ClCompile>
    <ClCompile Include="Src\Framework\Direct3D\KdMaterial.cpp">
      <Filter>Src\Framework\Direct3D</Filter>
    </ClCompile>
    <ClCompile Include="Src\Framework\Direct3D\Polygon\KdPolygon.cpp">
      <Filter>Src\Framework\Direct3D\Polygon</Filter>
    </ClCompile>
    <ClCompile Include="Src\Framework\Shader\KdAmbientController.cpp">
      <Filter>Src\Framework\Shader</Filter>
    </ClCompile>
    <ClCompile Include="Src\Framework\Math\KdUVAnimation.cpp">
      <Filter>Src\Framework\Math</Filter>
    </ClCompile>
    <ClCompile Include="Src\Framework\Shader\KdRenderTargetChange.cpp">
      <Filter>Src\Framework\Shader</Filter>
    </ClCompile>
    <ClCompile Include="Src\Framework\Utility\KdFPSController.cpp">
      <Filter>Src\Framework\Utility</Filter>
    </ClCompile>
    <ClCompile Include="Src\Framework\Utility\KdDebugWireFrame.cpp">
      <Filter>Src\Framework\Utility</Filter>
    </ClCompile>
    <ClCompile Include="Src\Application\Object\Player\Player.cpp">
      <Filter>Src\Application\Object\Player</Filter>
    </ClCompile>
    <ClCompile Include="Src\Application\Object\Tea\Tea.cpp">
      <Filter>Src\Application\Object\Tea</Filter>
    </ClCompile>
    <ClCompile Include="Src\Application\Object\Beer\Beer.cpp">
      <Filter>Src\Application\Object\Beer</Filter>
    </ClCompile>
    <ClCompile Include="Src\Application\Object\Milktea\MilkTea.cpp">
      <Filter>Src\Application\Object\MilkTea</Filter>
    </ClCompile>
    <ClCompile Include="Src\Application\Object\BaseBullet.cpp">
      <Filter>Src\Application\Bullet</Filter>
    </ClCompile>
    <ClCompile Include="Src\Application\Object\Beer\Bullet\Beer_Bullet.cpp">
      <Filter>Src\Application\Bullet\Beer</Filter>
    </ClCompile>
    <ClCompile Include="Src\Application\Object\Tea\Bullet\Tea_Bullet.cpp">
      <Filter>Src\Application\Bullet\Tea</Filter>
    </ClCompile>
    <ClCompile Include="Src\Application\Object\MilkTea\Bullet\Milk_Bullet.cpp">
      <Filter>Src\Application\Bullet\MilkTea</Filter>
    </ClCompile>
    <ClCompile Include="Src\Application\Object\Cola\Cola.cpp">
      <Filter>Src\Application\Object\Player\Cola</Filter>
    </ClCompile>
    <ClCompile Include="Src\Application\Object\Sport\Sport.cpp">
      <Filter>Src\Application\Object\Player\Sport</Filter>
    </ClCompile>
    <ClCompile Include="Src\Application\Object\Water\Water.cpp">
      <Filter>Src\Application\Object\Player\Water</Filter>
    </ClCompile>
    <ClCompile Include="Src\Application\Object\Water\Bullet\Water_Bullet.cpp">
      <Filter>Src\Application\Bullet\Player\Water</Filter>
    </ClCompile>
    <ClCompile Include="Src\Application\Object\Cola\Bullet\Cola_Bullet.cpp">
      <Filter>Src\Application\Bullet\Player\Cola</Filter>
    </ClCompile>
    <ClCompile Include="Src\Application\Object\Sport\Bullet\Sport_Bullet.cpp">
      <Filter>Src\Application\Bullet\Player\Sport</Filter>
    </ClCompile>
    <ClCompile Include="Src\Application\Scene\GameScene\GameScene.cpp">
      <Filter>Src\Application\Scene\GameScene</Filter>
    </ClCompile>
    <ClCompile Include="Src\Application\Object\BasePlayer.cpp">
      <Filter>Src\Application\Object\Player</Filter>
    </ClCompile>
    <ClCompile Include="Src\Application\Scene\TitleScene\TitleScene.cpp">
      <Filter>Src\Application\Scene\TitleScene</Filter>
    </ClCompile>
    <ClCompile Include="Src\Application\Scene\BaseScene.cpp">
      <Filter>Src\Application\Scene</Filter>
    </ClCompile>
    <ClCompile Include="Src\Application\Object\Back\Back.cpp">
      <Filter>Src\Application\Object\Back</Filter>
    </ClCompile>
    <ClCompile Include="Src\Application\Object\BaseObject.cpp">
      <Filter>Src\Application\Object</Filter>
    </ClCompile>
  </ItemGroup>
  <ItemGroup>
    <None Include="Src\Framework\Shader\inc_KdCommon.hlsli">
      <Filter>Src\Framework\Shader</Filter>
    </None>
    <None Include="Src\Framework\Shader\SpriteShader\inc_KdSpriteShader.hlsli">
      <Filter>Src\Framework\Shader\SpriteShader</Filter>
    </None>
    <None Include="Src\Framework\Shader\HD2DShader\inc_KdHD2DShader.hlsli">
      <Filter>Src\Framework\Shader\HD2DShader</Filter>
    </None>
    <None Include="Src\Framework\Shader\PostProcessShader\inc_KdPostProcessShader.hlsli">
      <Filter>Src\Framework\Shader\PostProcessShader</Filter>
    </None>
  </ItemGroup>
  <ItemGroup>
    <FxCompile Include="Src\Framework\Shader\SpriteShader\KdSpriteShader_PS.hlsl">
      <Filter>Src\Framework\Shader\SpriteShader</Filter>
    </FxCompile>
    <FxCompile Include="Src\Framework\Shader\SpriteShader\KdSpriteShader_VS.hlsl">
      <Filter>Src\Framework\Shader\SpriteShader</Filter>
    </FxCompile>
    <FxCompile Include="Src\Framework\Shader\HD2DShader\KdHD2DShader_VS_Lit.hlsl">
      <Filter>Src\Framework\Shader\HD2DShader</Filter>
    </FxCompile>
    <FxCompile Include="Src\Framework\Shader\HD2DShader\KdHD2DShader_PS_Lit.hlsl">
      <Filter>Src\Framework\Shader\HD2DShader</Filter>
    </FxCompile>
    <FxCompile Include="Src\Framework\Shader\PostProcessShader\KdPostProcessShader_PS_Blur.hlsl">
      <Filter>Src\Framework\Shader\PostProcessShader</Filter>
    </FxCompile>
    <FxCompile Include="Src\Framework\Shader\PostProcessShader\KdPostProcessShader_VS.hlsl">
      <Filter>Src\Framework\Shader\PostProcessShader</Filter>
    </FxCompile>
    <FxCompile Include="Src\Framework\Shader\PostProcessShader\KdPostProcessShader_PS_DoF.hlsl">
      <Filter>Src\Framework\Shader\PostProcessShader</Filter>
    </FxCompile>
    <FxCompile Include="Src\Framework\Shader\PostProcessShader\KdPostProcessShader_PS_Bright.hlsl">
      <Filter>Src\Framework\Shader\PostProcessShader</Filter>
    </FxCompile>
    <FxCompile Include="Src\Framework\Shader\HD2DShader\KdHD2DShader_PS_GenDepthMapFromLight.hlsl">
      <Filter>Src\Framework\Shader\HD2DShader</Filter>
    </FxCompile>
    <FxCompile Include="Src\Framework\Shader\HD2DShader\KdHD2DShader_VS_GenDepthMapFromLight.hlsl">
      <Filter>Src\Framework\Shader\HD2DShader</Filter>
    </FxCompile>
    <FxCompile Include="Src\Framework\Shader\HD2DShader\KdHD2DShader_PS_UnLit.hlsl">
      <Filter>Src\Framework\Shader\HD2DShader</Filter>
    </FxCompile>
    <FxCompile Include="Src\Framework\Shader\HD2DShader\KdHD2DShader_VS_UnLit.hlsl">
      <Filter>Src\Framework\Shader\HD2DShader</Filter>
    </FxCompile>
  </ItemGroup>
</Project>